github.com/creack/pty v1.1.9/go.mod h1:oKZEueFk5CKHvIhNR5MUki03XCEU+Q6VDXinZuGJ33E=
github.com/dhowden/tag v0.0.0-20240417053706-3d75831295e8 h1:OtSeLS5y0Uy01jaKK4mA/WVIYtpzVm63vLVAPzJXigg=
github.com/dhowden/tag v0.0.0-20240417053706-3d75831295e8/go.mod h1:apkPC/CR3s48O2D7Y++n1XWEpgPNNCjXYga3PPbJe2E=
github.com/fsnotify/fsnotify v1.9.0 h1:2Ml+OJNzbYCTzsxtv8vKSFD9PbJjmhYF14k/jKC7S9k=
github.com/fsnotify/fsnotify v1.9.0/go.mod h1:8jBTzvmWwFyi3Pb8djgCCO5IBqzKJ/Jwo8TRcHyHii0=
github.com/gorilla/mux v1.8.1 h1:TuBL49tXwgrFYWhqrNgrUNEY92u81SPhu7sTdzQEiWY=
github.com/gorilla/mux v1.8.1/go.mod h1:AKf9I4AEqPTmMytcMc0KkNouC66V3BtZ4qD5fmWSiMQ=
github.com/kr/pretty v0.3.1 h1:flRD4NNwYAUpkphVc1HcthR4KEIFJ65n8Mw5qdRn3LE=
github.com/kr/pretty v0.3.1/go.mod h1:hoEshYVHaxMs3cyo3Yncou5ZscifuDolrwPKZanG3xk=
github.com/kr/text v0.2.0 h1:5Nx0Ya0ZqY2ygV366QzturHI13Jq95ApcVaJBhpS+AY=
github.com/kr/text v0.2.0/go.mod h1:eLer722TekiGuMkidMxC/pM04lWEeraHUUmBw8l2grE=
github.com/pkg/diff v0.0.0-20210226163009-20ebb0f2a09e/go.mod h1:pJLUxLENpZxwdsKMEsNbx1VGcRFpLqf3715MtcvvzbA=
github.com/rogpeppe/go-internal v1.9.0 h1:73kH8U+JUqXU8lRuOHeVHaa/SZPifC7BkcraZVejAe8=
github.com/rogpeppe/go-internal v1.9.0/go.mod h1:WtVeX8xhTBvf0smdhujwtBcq4Qrzq/fJaraNFVN+nFs=
github.com/wybiral/feeds v1.1.1 h1:KWE/JxA2XfP0My+C0wymqXrWK5oIyjRVbH5kpclsea0=
github.com/wybiral/feeds v1.1.1/go.mod h1:MRSqtY+Oy5HMM51cF212xqU39MYbsYq/AH+PY8IfeM0=
github.com/wybiral/torgo v0.0.0-20201209223426-5fd9910eab31 h1:SwsJDiOttfoLuvW5f8Lhv0L+pDtLoEss0S9ZwJleGMU=
github.com/wybiral/torgo v0.0.0-20201209223426-5fd9910eab31/go.mod h1:LAhGyZRjuXZ/+uO4tqc5QV26hkdIo+yGHPfX1aubR0M=
golang.org/x/crypto v0.40.0 h1:r4x+VvoG5Fm+eJcxMaY8CQM7Lb0l1lsmjGBQ6s8BfKM=
golang.org/x/crypto v0.40.0/go.mod h1:Qr1vMER5WyS2dfPHAlsOj01wgLbsyWtFn/aY+5+ZdxY=
golang.org/x/net v0.42.0 h1:jzkYrhi3YQWD6MLBJcsklgQsoAcw89EcZbJw8Z614hs=
golang.org/x/net v0.42.0/go.mod h1:FF1RA5d3u7nAYA4z2TkclSCKh68eSXtiFwcWQpPXdt8=
golang.org/x/sys v0.35.0 h1:vz1N37gP5bs89s7He8XuIYXpyY0+QlsKmzipCbUtyxI=
golang.org/x/sys v0.35.0/go.mod h1:BJP2sWEmIv4KK5OTEluFJCKSidICx8ciO85XgH3Ak8k=
